
Microsoft Visual Studio Solution File, Format Version 12.00
# Visual Studio Version 17
VisualStudioVersion = 17.11.35431.28
MinimumVisualStudioVersion = 10.0.40219.1
Project("{9A19103F-16F7-4668-BE54-9A1E7A4F7556}") = "MobileApp", "MobileApp\MobileApp.csproj", "{FEE9D611-4D20-4888-8735-467BCFF18355}"
EndProject
Project("{9A19103F-16F7-4668-BE54-9A1E7A4F7556}") = "AppConfig", "AppConfig\AppConfig.csproj", "{84BAD10A-CA91-4150-9021-37F0EA838C4E}"
EndProject
Project("{9A19103F-16F7-4668-BE54-9A1E7A4F7556}") = "BDO", "BDO\BDO.csproj", "{69F4C3D1-CF6D-40C9-828A-203AB096AA7B}"
EndProject
Project("{9A19103F-16F7-4668-BE54-9A1E7A4F7556}") = "CLL", "CLL\CLL.csproj", "{4B997018-AC36-4457-9712-BC38EAFDA5AC}"
EndProject
Global
	GlobalSection(SolutionConfigurationPlatforms) = preSolution
		Debug|Any CPU = Debug|Any CPU
		Release|Any CPU = Release|Any CPU
	EndGlobalSection
	GlobalSection(ProjectConfigurationPlatforms) = postSolution
		{FEE9D611-4D20-4888-8735-467BCFF18355}.Debug|Any CPU.ActiveCfg = Debug|Any CPU
		{FEE9D611-4D20-4888-8735-467BCFF18355}.Debug|Any CPU.Build.0 = Debug|Any CPU
		{FEE9D611-4D20-4888-8735-467BCFF18355}.Debug|Any CPU.Deploy.0 = Debug|Any CPU
		{FEE9D611-4D20-4888-8735-467BCFF18355}.Release|Any CPU.ActiveCfg = Release|Any CPU
		{FEE9D611-4D20-4888-8735-467BCFF18355}.Release|Any CPU.Build.0 = Release|Any CPU
		{FEE9D611-4D20-4888-8735-467BCFF18355}.Release|Any CPU.Deploy.0 = Release|Any CPU
		{84BAD10A-CA91-4150-9021-37F0EA838C4E}.Debug|Any CPU.ActiveCfg = Debug|Any CPU
		{84BAD10A-CA91-4150-9021-37F0EA838C4E}.Debug|Any CPU.Build.0 = Debug|Any CPU
		{84BAD10A-CA91-4150-9021-37F0EA838C4E}.Release|Any CPU.ActiveCfg = Release|Any CPU
		{84BAD10A-CA91-4150-9021-37F0EA838C4E}.Release|Any CPU.Build.0 = Release|Any CPU
		{69F4C3D1-CF6D-40C9-828A-203AB096AA7B}.Debug|Any CPU.ActiveCfg = Debug|Any CPU
		{69F4C3D1-CF6D-40C9-828A-203AB096AA7B}.Debug|Any CPU.Build.0 = Debug|Any CPU
		{69F4C3D1-CF6D-40C9-828A-203AB096AA7B}.Release|Any CPU.ActiveCfg = Release|Any CPU
		{69F4C3D1-CF6D-40C9-828A-203AB096AA7B}.Release|Any CPU.Build.0 = Release|Any CPU
		{4B997018-AC36-4457-9712-BC38EAFDA5AC}.Debug|Any CPU.ActiveCfg = Debug|Any CPU
		{4B997018-AC36-4457-9712-BC38EAFDA5AC}.Debug|Any CPU.Build.0 = Debug|Any CPU
		{4B997018-AC36-4457-9712-BC38EAFDA5AC}.Release|Any CPU.ActiveCfg = Release|Any CPU
		{4B997018-AC36-4457-9712-BC38EAFDA5AC}.Release|Any CPU.Build.0 = Release|Any CPU
	EndGlobalSection
	GlobalSection(SolutionProperties) = preSolution
		HideSolutionNode = FALSE
	EndGlobalSection
	GlobalSection(ExtensibilityGlobals) = postSolution
		SolutionGuid = {1E0F09DF-178C-43D9-9372-D3018AF0738F}
	EndGlobalSection
EndGlobal
